
Microsoft Visual Studio Solution File, Format Version 12.00
# Visual Studio 14
VisualStudioVersion = 14.0.25420.1
MinimumVisualStudioVersion = 10.0.40219.1
Project("{FAE04EC0-301F-11D3-BF4B-00C04F79EFBC}") = "Phoneword", "Phoneword\Phoneword\Phoneword.csproj", "{CB959ECB-99B0-4E42-B24B-E5828ED66341}"
EndProject
Project("{FAE04EC0-301F-11D3-BF4B-00C04F79EFBC}") = "Phoneword.Droid", "Phoneword\Phoneword.Droid\Phoneword.Droid.csproj", "{115620F3-2988-4324-AB7A-A887E6C219DD}"
EndProject
Project("{FAE04EC0-301F-11D3-BF4B-00C04F79EFBC}") = "Phoneword.iOS", "Phoneword\Phoneword.iOS\Phoneword.iOS.csproj", "{BA122EDB-A474-47E3-BF1F-A8CE58F9E2DA}"
EndProject
Global
	GlobalSection(SolutionConfigurationPlatforms) = preSolution
		Ad-Hoc|Any CPU = Ad-Hoc|Any CPU
		Ad-Hoc|ARM = Ad-Hoc|ARM
		Ad-Hoc|iPhone = Ad-Hoc|iPhone
		Ad-Hoc|iPhoneSimulator = Ad-Hoc|iPhoneSimulator
		Ad-Hoc|x64 = Ad-Hoc|x64
		Ad-Hoc|x86 = Ad-Hoc|x86
		AppStore|Any CPU = AppStore|Any CPU
		AppStore|ARM = AppStore|ARM
		AppStore|iPhone = AppStore|iPhone
		AppStore|iPhoneSimulator = AppStore|iPhoneSimulator
		AppStore|x64 = AppStore|x64
		AppStore|x86 = AppStore|x86
		Debug|Any CPU = Debug|Any CPU
		Debug|ARM = Debug|ARM
		Debug|iPhone = Debug|iPhone
		Debug|iPhoneSimulator = Debug|iPhoneSimulator
		Debug|x64 = Debug|x64
		Debug|x86 = Debug|x86
		Release|Any CPU = Release|Any CPU
		Release|ARM = Release|ARM
		Release|iPhone = Release|iPhone
		Release|iPhoneSimulator = Release|iPhoneSimulator
		Release|x64 = Release|x64
		Release|x86 = Release|x86
	EndGlobalSection
	GlobalSection(ProjectConfigurationPlatforms) = postSolution
		{CB959ECB-99B0-4E42-B24B-E5828ED66341}.Ad-Hoc|Any CPU.ActiveCfg = Release|Any CPU
		{CB959ECB-99B0-4E42-B24B-E5828ED66341}.Ad-Hoc|Any CPU.Build.0 = Release|Any CPU
		{CB959ECB-99B0-4E42-B24B-E5828ED66341}.Ad-Hoc|ARM.ActiveCfg = Release|Any CPU
		{CB959ECB-99B0-4E42-B24B-E5828ED66341}.Ad-Hoc|ARM.Build.0 = Release|Any CPU
		{CB959ECB-99B0-4E42-B24B-E5828ED66341}.Ad-Hoc|iPhone.ActiveCfg = Release|Any CPU
		{CB959ECB-99B0-4E42-B24B-E5828ED66341}.Ad-Hoc|iPhone.Build.0 = Release|Any CPU
		{CB959ECB-99B0-4E42-B24B-E5828ED66341}.Ad-Hoc|iPhoneSimulator.ActiveCfg = Release|Any CPU
		{CB959ECB-99B0-4E42-B24B-E5828ED66341}.Ad-Hoc|iPhoneSimulator.Build.0 = Release|Any CPU
		{CB959ECB-99B0-4E42-B24B-E5828ED66341}.Ad-Hoc|x64.ActiveCfg = Release|Any CPU
		{CB959ECB-99B0-4E42-B24B-E5828ED66341}.Ad-Hoc|x64.Build.0 = Release|Any CPU
		{CB959ECB-99B0-4E42-B24B-E5828ED66341}.Ad-Hoc|x86.ActiveCfg = Release|Any CPU
		{CB959ECB-99B0-4E42-B24B-E5828ED66341}.Ad-Hoc|x86.Build.0 = Release|Any CPU
		{CB959ECB-99B0-4E42-B24B-E5828ED66341}.AppStore|Any CPU.ActiveCfg = Release|Any CPU
		{CB959ECB-99B0-4E42-B24B-E5828ED66341}.AppStore|Any CPU.Build.0 = Release|Any CPU
		{CB959ECB-99B0-4E42-B24B-E5828ED66341}.AppStore|ARM.ActiveCfg = Release|Any CPU
		{CB959ECB-99B0-4E42-B24B-E5828ED66341}.AppStore|ARM.Build.0 = Release|Any CPU
		{CB959ECB-99B0-4E42-B24B-E5828ED66341}.AppStore|iPhone.ActiveCfg = Release|Any CPU
		{CB959ECB-99B0-4E42-B24B-E5828ED66341}.AppStore|iPhone.Build.0 = Release|Any CPU
		{CB959ECB-99B0-4E42-B24B-E5828ED66341}.AppStore|iPhoneSimulator.ActiveCfg = Release|Any CPU
		{CB959ECB-99B0-4E42-B24B-E5828ED66341}.AppStore|iPhoneSimulator.Build.0 = Release|Any CPU
		{CB959ECB-99B0-4E42-B24B-E5828ED66341}.AppStore|x64.ActiveCfg = Release|Any CPU
		{CB959ECB-99B0-4E42-B24B-E5828ED66341}.AppStore|x64.Build.0 = Release|Any CPU
		{CB959ECB-99B0-4E42-B24B-E5828ED66341}.AppStore|x86.ActiveCfg = Release|Any CPU
		{CB959ECB-99B0-4E42-B24B-E5828ED66341}.AppStore|x86.Build.0 = Release|Any CPU
		{CB959ECB-99B0-4E42-B24B-E5828ED66341}.Debug|Any CPU.ActiveCfg = Debug|Any CPU
		{CB959ECB-99B0-4E42-B24B-E5828ED66341}.Debug|Any CPU.Build.0 = Debug|Any CPU
		{CB959ECB-99B0-4E42-B24B-E5828ED66341}.Debug|ARM.ActiveCfg = Debug|Any CPU
		{CB959ECB-99B0-4E42-B24B-E5828ED66341}.Debug|ARM.Build.0 = Debug|Any CPU
		{CB959ECB-99B0-4E42-B24B-E5828ED66341}.Debug|iPhone.ActiveCfg = Debug|Any CPU
		{CB959ECB-99B0-4E42-B24B-E5828ED66341}.Debug|iPhone.Build.0 = Debug|Any CPU
		{CB959ECB-99B0-4E42-B24B-E5828ED66341}.Debug|iPhoneSimulator.ActiveCfg = Debug|Any CPU
		{CB959ECB-99B0-4E42-B24B-E5828ED66341}.Debug|iPhoneSimulator.Build.0 = Debug|Any CPU
		{CB959ECB-99B0-4E42-B24B-E5828ED66341}.Debug|x64.ActiveCfg = Debug|Any CPU
		{CB959ECB-99B0-4E42-B24B-E5828ED66341}.Debug|x64.Build.0 = Debug|Any CPU
		{CB959ECB-99B0-4E42-B24B-E5828ED66341}.Debug|x86.ActiveCfg = Debug|Any CPU
		{CB959ECB-99B0-4E42-B24B-E5828ED66341}.Debug|x86.Build.0 = Debug|Any CPU
		{CB959ECB-99B0-4E42-B24B-E5828ED66341}.Release|Any CPU.ActiveCfg = Release|Any CPU
		{CB959ECB-99B0-4E42-B24B-E5828ED66341}.Release|Any CPU.Build.0 = Release|Any CPU
		{CB959ECB-99B0-4E42-B24B-E5828ED66341}.Release|ARM.ActiveCfg = Release|Any CPU
		{CB959ECB-99B0-4E42-B24B-E5828ED66341}.Release|ARM.Build.0 = Release|Any CPU
		{CB959ECB-99B0-4E42-B24B-E5828ED66341}.Release|iPhone.ActiveCfg = Release|Any CPU
		{CB959ECB-99B0-4E42-B24B-E5828ED66341}.Release|iPhone.Build.0 = Release|Any CPU
		{CB959ECB-99B0-4E42-B24B-E5828ED66341}.Release|iPhoneSimulator.ActiveCfg = Release|Any CPU
		{CB959ECB-99B0-4E42-B24B-E5828ED66341}.Release|iPhoneSimulator.Build.0 = Release|Any CPU
		{CB959ECB-99B0-4E42-B24B-E5828ED66341}.Release|x64.ActiveCfg = Release|Any CPU
		{CB959ECB-99B0-4E42-B24B-E5828ED66341}.Release|x64.Build.0 = Release|Any CPU
		{CB959ECB-99B0-4E42-B24B-E5828ED66341}.Release|x86.ActiveCfg = Release|Any CPU
		{CB959ECB-99B0-4E42-B24B-E5828ED66341}.Release|x86.Build.0 = Release|Any CPU
		{115620F3-2988-4324-AB7A-A887E6C219DD}.Ad-Hoc|Any CPU.ActiveCfg = Release|Any CPU
		{115620F3-2988-4324-AB7A-A887E6C219DD}.Ad-Hoc|Any CPU.Build.0 = Release|Any CPU
		{115620F3-2988-4324-AB7A-A887E6C219DD}.Ad-Hoc|Any CPU.Deploy.0 = Release|Any CPU
		{115620F3-2988-4324-AB7A-A887E6C219DD}.Ad-Hoc|ARM.ActiveCfg = Release|Any CPU
		{115620F3-2988-4324-AB7A-A887E6C219DD}.Ad-Hoc|ARM.Build.0 = Release|Any CPU
		{115620F3-2988-4324-AB7A-A887E6C219DD}.Ad-Hoc|ARM.Deploy.0 = Release|Any CPU
		{115620F3-2988-4324-AB7A-A887E6C219DD}.Ad-Hoc|iPhone.ActiveCfg = Release|Any CPU
		{115620F3-2988-4324-AB7A-A887E6C219DD}.Ad-Hoc|iPhone.Build.0 = Release|Any CPU
		{115620F3-2988-4324-AB7A-A887E6C219DD}.Ad-Hoc|iPhone.Deploy.0 = Release|Any CPU
		{115620F3-2988-4324-AB7A-A887E6C219DD}.Ad-Hoc|iPhoneSimulator.ActiveCfg = Release|Any CPU
		{115620F3-2988-4324-AB7A-A887E6C219DD}.Ad-Hoc|iPhoneSimulator.Build.0 = Release|Any CPU
		{115620F3-2988-4324-AB7A-A887E6C219DD}.Ad-Hoc|iPhoneSimulator.Deploy.0 = Release|Any CPU
		{115620F3-2988-4324-AB7A-A887E6C219DD}.Ad-Hoc|x64.ActiveCfg = Release|Any CPU
		{115620F3-2988-4324-AB7A-A887E6C219DD}.Ad-Hoc|x64.Build.0 = Release|Any CPU
		{115620F3-2988-4324-AB7A-A887E6C219DD}.Ad-Hoc|x64.Deploy.0 = Release|Any CPU
		{115620F3-2988-4324-AB7A-A887E6C219DD}.Ad-Hoc|x86.ActiveCfg = Release|Any CPU
		{115620F3-2988-4324-AB7A-A887E6C219DD}.Ad-Hoc|x86.Build.0 = Release|Any CPU
		{115620F3-2988-4324-AB7A-A887E6C219DD}.Ad-Hoc|x86.Deploy.0 = Release|Any CPU
		{115620F3-2988-4324-AB7A-A887E6C219DD}.AppStore|Any CPU.ActiveCfg = Release|Any CPU
		{115620F3-2988-4324-AB7A-A887E6C219DD}.AppStore|Any CPU.Build.0 = Release|Any CPU
		{115620F3-2988-4324-AB7A-A887E6C219DD}.AppStore|Any CPU.Deploy.0 = Release|Any CPU
		{115620F3-2988-4324-AB7A-A887E6C219DD}.AppStore|ARM.ActiveCfg = Release|Any CPU
		{115620F3-2988-4324-AB7A-A887E6C219DD}.AppStore|ARM.Build.0 = Release|Any CPU
		{115620F3-2988-4324-AB7A-A887E6C219DD}.AppStore|ARM.Deploy.0 = Release|Any CPU
		{115620F3-2988-4324-AB7A-A887E6C219DD}.AppStore|iPhone.ActiveCfg = Release|Any CPU
		{115620F3-2988-4324-AB7A-A887E6C219DD}.AppStore|iPhone.Build.0 = Release|Any CPU
		{115620F3-2988-4324-AB7A-A887E6C219DD}.AppStore|iPhone.Deploy.0 = Release|Any CPU
		{115620F3-2988-4324-AB7A-A887E6C219DD}.AppStore|iPhoneSimulator.ActiveCfg = Release|Any CPU
		{115620F3-2988-4324-AB7A-A887E6C219DD}.AppStore|iPhoneSimulator.Build.0 = Release|Any CPU
		{115620F3-2988-4324-AB7A-A887E6C219DD}.AppStore|iPhoneSimulator.Deploy.0 = Release|Any CPU
		{115620F3-2988-4324-AB7A-A887E6C219DD}.AppStore|x64.ActiveCfg = Release|Any CPU
		{115620F3-2988-4324-AB7A-A887E6C219DD}.AppStore|x64.Build.0 = Release|Any CPU
		{115620F3-2988-4324-AB7A-A887E6C219DD}.AppStore|x64.Deploy.0 = Release|Any CPU
		{115620F3-2988-4324-AB7A-A887E6C219DD}.AppStore|x86.ActiveCfg = Release|Any CPU
		{115620F3-2988-4324-AB7A-A887E6C219DD}.AppStore|x86.Build.0 = Release|Any CPU
		{115620F3-2988-4324-AB7A-A887E6C219DD}.AppStore|x86.Deploy.0 = Release|Any CPU
		{115620F3-2988-4324-AB7A-A887E6C219DD}.Debug|Any CPU.ActiveCfg = Debug|Any CPU
		{115620F3-2988-4324-AB7A-A887E6C219DD}.Debug|Any CPU.Build.0 = Debug|Any CPU
		{115620F3-2988-4324-AB7A-A887E6C219DD}.Debug|Any CPU.Deploy.0 = Debug|Any CPU
		{115620F3-2988-4324-AB7A-A887E6C219DD}.Debug|ARM.ActiveCfg = Debug|Any CPU
		{115620F3-2988-4324-AB7A-A887E6C219DD}.Debug|ARM.Build.0 = Debug|Any CPU
		{115620F3-2988-4324-AB7A-A887E6C219DD}.Debug|ARM.Deploy.0 = Debug|Any CPU
		{115620F3-2988-4324-AB7A-A887E6C219DD}.Debug|iPhone.ActiveCfg = Debug|Any CPU
		{115620F3-2988-4324-AB7A-A887E6C219DD}.Debug|iPhone.Build.0 = Debug|Any CPU
		{115620F3-2988-4324-AB7A-A887E6C219DD}.Debug|iPhone.Deploy.0 = Debug|Any CPU
		{115620F3-2988-4324-AB7A-A887E6C219DD}.Debug|iPhoneSimulator.ActiveCfg = Debug|Any CPU
		{115620F3-2988-4324-AB7A-A887E6C219DD}.Debug|iPhoneSimulator.Build.0 = Debug|Any CPU
		{115620F3-2988-4324-AB7A-A887E6C219DD}.Debug|iPhoneSimulator.Deploy.0 = Debug|Any CPU
		{115620F3-2988-4324-AB7A-A887E6C219DD}.Debug|x64.ActiveCfg = Debug|Any CPU
		{115620F3-2988-4324-AB7A-A887E6C219DD}.Debug|x64.Build.0 = Debug|Any CPU
		{115620F3-2988-4324-AB7A-A887E6C219DD}.Debug|x64.Deploy.0 = Debug|Any CPU
		{115620F3-2988-4324-AB7A-A887E6C219DD}.Debug|x86.ActiveCfg = Debug|Any CPU
		{115620F3-2988-4324-AB7A-A887E6C219DD}.Debug|x86.Build.0 = Debug|Any CPU
		{115620F3-2988-4324-AB7A-A887E6C219DD}.Debug|x86.Deploy.0 = Debug|Any CPU
		{115620F3-2988-4324-AB7A-A887E6C219DD}.Release|Any CPU.ActiveCfg = Release|Any CPU
		{115620F3-2988-4324-AB7A-A887E6C219DD}.Release|Any CPU.Build.0 = Release|Any CPU
		{115620F3-2988-4324-AB7A-A887E6C219DD}.Release|Any CPU.Deploy.0 = Release|Any CPU
		{115620F3-2988-4324-AB7A-A887E6C219DD}.Release|ARM.ActiveCfg = Release|Any CPU
		{115620F3-2988-4324-AB7A-A887E6C219DD}.Release|ARM.Build.0 = Release|Any CPU
		{115620F3-2988-4324-AB7A-A887E6C219DD}.Release|ARM.Deploy.0 = Release|Any CPU
		{115620F3-2988-4324-AB7A-A887E6C219DD}.Release|iPhone.ActiveCfg = Release|Any CPU
		{115620F3-2988-4324-AB7A-A887E6C219DD}.Release|iPhone.Build.0 = Release|Any CPU
		{115620F3-2988-4324-AB7A-A887E6C219DD}.Release|iPhone.Deploy.0 = Release|Any CPU
		{115620F3-2988-4324-AB7A-A887E6C219DD}.Release|iPhoneSimulator.ActiveCfg = Release|Any CPU
		{115620F3-2988-4324-AB7A-A887E6C219DD}.Release|iPhoneSimulator.Build.0 = Release|Any CPU
		{115620F3-2988-4324-AB7A-A887E6C219DD}.Release|iPhoneSimulator.Deploy.0 = Release|Any CPU
		{115620F3-2988-4324-AB7A-A887E6C219DD}.Release|x64.ActiveCfg = Release|Any CPU
		{115620F3-2988-4324-AB7A-A887E6C219DD}.Release|x64.Build.0 = Release|Any CPU
		{115620F3-2988-4324-AB7A-A887E6C219DD}.Release|x64.Deploy.0 = Release|Any CPU
		{115620F3-2988-4324-AB7A-A887E6C219DD}.Release|x86.ActiveCfg = Release|Any CPU
		{115620F3-2988-4324-AB7A-A887E6C219DD}.Release|x86.Build.0 = Release|Any CPU
		{115620F3-2988-4324-AB7A-A887E6C219DD}.Release|x86.Deploy.0 = Release|Any CPU
		{BA122EDB-A474-47E3-BF1F-A8CE58F9E2DA}.Ad-Hoc|Any CPU.ActiveCfg = Ad-Hoc|iPhone
		{BA122EDB-A474-47E3-BF1F-A8CE58F9E2DA}.Ad-Hoc|ARM.ActiveCfg = Ad-Hoc|iPhone
		{BA122EDB-A474-47E3-BF1F-A8CE58F9E2DA}.Ad-Hoc|iPhone.ActiveCfg = Ad-Hoc|iPhone
		{BA122EDB-A474-47E3-BF1F-A8CE58F9E2DA}.Ad-Hoc|iPhone.Build.0 = Ad-Hoc|iPhone
		{BA122EDB-A474-47E3-BF1F-A8CE58F9E2DA}.Ad-Hoc|iPhoneSimulator.ActiveCfg = Ad-Hoc|iPhoneSimulator
		{BA122EDB-A474-47E3-BF1F-A8CE58F9E2DA}.Ad-Hoc|iPhoneSimulator.Build.0 = Ad-Hoc|iPhoneSimulator
		{BA122EDB-A474-47E3-BF1F-A8CE58F9E2DA}.Ad-Hoc|x64.ActiveCfg = Ad-Hoc|iPhone
		{BA122EDB-A474-47E3-BF1F-A8CE58F9E2DA}.Ad-Hoc|x86.ActiveCfg = Ad-Hoc|iPhone
		{BA122EDB-A474-47E3-BF1F-A8CE58F9E2DA}.AppStore|Any CPU.ActiveCfg = AppStore|iPhone
		{BA122EDB-A474-47E3-BF1F-A8CE58F9E2DA}.AppStore|ARM.ActiveCfg = AppStore|iPhone
		{BA122EDB-A474-47E3-BF1F-A8CE58F9E2DA}.AppStore|iPhone.ActiveCfg = AppStore|iPhone
		{BA122EDB-A474-47E3-BF1F-A8CE58F9E2DA}.AppStore|iPhone.Build.0 = AppStore|iPhone
		{BA122EDB-A474-47E3-BF1F-A8CE58F9E2DA}.AppStore|iPhoneSimulator.ActiveCfg = AppStore|iPhoneSimulator
		{BA122EDB-A474-47E3-BF1F-A8CE58F9E2DA}.AppStore|iPhoneSimulator.Build.0 = AppStore|iPhoneSimulator
		{BA122EDB-A474-47E3-BF1F-A8CE58F9E2DA}.AppStore|x64.ActiveCfg = AppStore|iPhone
		{BA122EDB-A474-47E3-BF1F-A8CE58F9E2DA}.AppStore|x86.ActiveCfg = AppStore|iPhone
		{BA122EDB-A474-47E3-BF1F-A8CE58F9E2DA}.Debug|Any CPU.ActiveCfg = Debug|iPhone
		{BA122EDB-A474-47E3-BF1F-A8CE58F9E2DA}.Debug|ARM.ActiveCfg = Debug|iPhone
		{BA122EDB-A474-47E3-BF1F-A8CE58F9E2DA}.Debug|iPhone.ActiveCfg = Debug|iPhone
		{BA122EDB-A474-47E3-BF1F-A8CE58F9E2DA}.Debug|iPhone.Build.0 = Debug|iPhone
		{BA122EDB-A474-47E3-BF1F-A8CE58F9E2DA}.Debug|iPhoneSimulator.ActiveCfg = Debug|iPhoneSimulator
		{BA122EDB-A474-47E3-BF1F-A8CE58F9E2DA}.Debug|iPhoneSimulator.Build.0 = Debug|iPhoneSimulator
		{BA122EDB-A474-47E3-BF1F-A8CE58F9E2DA}.Debug|x64.ActiveCfg = Debug|iPhone
		{BA122EDB-A474-47E3-BF1F-A8CE58F9E2DA}.Debug|x86.ActiveCfg = Debug|iPhone
		{BA122EDB-A474-47E3-BF1F-A8CE58F9E2DA}.Release|Any CPU.ActiveCfg = Release|iPhone
		{BA122EDB-A474-47E3-BF1F-A8CE58F9E2DA}.Release|ARM.ActiveCfg = Release|iPhone
		{BA122EDB-A474-47E3-BF1F-A8CE58F9E2DA}.Release|iPhone.ActiveCfg = Release|iPhone
		{BA122EDB-A474-47E3-BF1F-A8CE58F9E2DA}.Release|iPhone.Build.0 = Release|iPhone
		{BA122EDB-A474-47E3-BF1F-A8CE58F9E2DA}.Release|iPhoneSimulator.ActiveCfg = Release|iPhoneSimulator
		{BA122EDB-A474-47E3-BF1F-A8CE58F9E2DA}.Release|iPhoneSimulator.Build.0 = Release|iPhoneSimulator
		{BA122EDB-A474-47E3-BF1F-A8CE58F9E2DA}.Release|x64.ActiveCfg = Release|iPhone
		{BA122EDB-A474-47E3-BF1F-A8CE58F9E2DA}.Release|x86.ActiveCfg = Release|iPhone
	EndGlobalSection
	GlobalSection(SolutionProperties) = preSolution
		HideSolutionNode = FALSE
	EndGlobalSection
EndGlobal
